// !$*UTF8*$!
{
	archiveVersion = 1;
	classes = {
	};
	objectVersion = 50;
	objects = {

/* Begin PBXBuildFile section */
		A1D11CA926BAF5AE00A286FF /* app.delegate.app.swift in Sources */ = {isa = PBXBuildFile; fileRef = A1D11CA826BAF5AE00A286FF /* app.delegate.app.swift */; };
		A1D11CAB26BAF5AE00A286FF /* app.delegate.scene.swift in Sources */ = {isa = PBXBuildFile; fileRef = A1D11CAA26BAF5AE00A286FF /* app.delegate.scene.swift */; };
		A1D11CAD26BAF5AE00A286FF /* ui.viewController.swift in Sources */ = {isa = PBXBuildFile; fileRef = A1D11CAC26BAF5AE00A286FF /* ui.viewController.swift */; };
		A1D11CB026BAF5AE00A286FF /* ui.main.storyboard in Resources */ = {isa = PBXBuildFile; fileRef = A1D11CAE26BAF5AE00A286FF /* ui.main.storyboard */; };
		A1D11CB226BAF5B300A286FF /* app.assets.xcassets in Resources */ = {isa = PBXBuildFile; fileRef = A1D11CB126BAF5B300A286FF /* app.assets.xcassets */; };
		A1D11CB526BAF5B300A286FF /* ui.launchScreen.storyboard in Resources */ = {isa = PBXBuildFile; fileRef = A1D11CB326BAF5B300A286FF /* ui.launchScreen.storyboard */; };
		A1D11CDD26BBC7E500A286FF /* infr.namespaces.swift in Sources */ = {isa = PBXBuildFile; fileRef = A1D11CDC26BBC7E500A286FF /* infr.namespaces.swift */; };
/* End PBXBuildFile section */

/* Begin PBXContainerItemProxy section */
		A1D11CBC26BAF5B300A286FF /* PBXContainerItemProxy */ = {
			isa = PBXContainerItemProxy;
			containerPortal = A1D11C9D26BAF5AE00A286FF /* Project object */;
			proxyType = 1;
			remoteGlobalIDString = A1D11CA426BAF5AE00A286FF;
			remoteInfo = Pokedex;
		};
		A1D11CC726BAF5B300A286FF /* PBXContainerItemProxy */ = {
			isa = PBXContainerItemProxy;
			containerPortal = A1D11C9D26BAF5AE00A286FF /* Project object */;
			proxyType = 1;
			remoteGlobalIDString = A1D11CA426BAF5AE00A286FF;
			remoteInfo = Pokedex;
		};
/* End PBXContainerItemProxy section */

/* Begin PBXFileReference section */
		A1D11CA526BAF5AE00A286FF /* Pokedex.app */ = {isa = PBXFileReference; explicitFileType = wrapper.application; includeInIndex = 0; path = Pokedex.app; sourceTree = BUILT_PRODUCTS_DIR; };
		A1D11CA826BAF5AE00A286FF /* app.delegate.app.swift */ = {isa = PBXFileReference; lastKnownFileType = sourcecode.swift; path = app.delegate.app.swift; sourceTree = "<group>"; };
		A1D11CAA26BAF5AE00A286FF /* app.delegate.scene.swift */ = {isa = PBXFileReference; lastKnownFileType = sourcecode.swift; path = app.delegate.scene.swift; sourceTree = "<group>"; };
		A1D11CAC26BAF5AE00A286FF /* ui.viewController.swift */ = {isa = PBXFileReference; lastKnownFileType = sourcecode.swift; path = ui.viewController.swift; sourceTree = "<group>"; };
		A1D11CAF26BAF5AE00A286FF /* Base */ = {isa = PBXFileReference; lastKnownFileType = file.storyboard; name = Base; path = Base.lproj/ui.main.storyboard; sourceTree = "<group>"; };
		A1D11CB126BAF5B300A286FF /* app.assets.xcassets */ = {isa = PBXFileReference; lastKnownFileType = folder.assetcatalog; path = app.assets.xcassets; sourceTree = "<group>"; };
		A1D11CB426BAF5B300A286FF /* Base */ = {isa = PBXFileReference; lastKnownFileType = file.storyboard; name = Base; path = Base.lproj/ui.launchScreen.storyboard; sourceTree = "<group>"; };
		A1D11CB626BAF5B300A286FF /* app.info.plist */ = {isa = PBXFileReference; lastKnownFileType = text.plist.xml; path = app.info.plist; sourceTree = "<group>"; };
		A1D11CBB26BAF5B300A286FF /* PokedexTests.xctest */ = {isa = PBXFileReference; explicitFileType = wrapper.cfbundle; includeInIndex = 0; path = PokedexTests.xctest; sourceTree = BUILT_PRODUCTS_DIR; };
		A1D11CC126BAF5B300A286FF /* app.info.uiTests.plist */ = {isa = PBXFileReference; lastKnownFileType = text.plist.xml; path = app.info.uiTests.plist; sourceTree = "<group>"; };
		A1D11CC626BAF5B300A286FF /* PokedexUITests.xctest */ = {isa = PBXFileReference; explicitFileType = wrapper.cfbundle; includeInIndex = 0; path = PokedexUITests.xctest; sourceTree = BUILT_PRODUCTS_DIR; };
		A1D11CCC26BAF5B300A286FF /* app.info.tests.plist */ = {isa = PBXFileReference; lastKnownFileType = text.plist.xml; path = app.info.tests.plist; sourceTree = "<group>"; };
		A1D11CDC26BBC7E500A286FF /* infr.namespaces.swift */ = {isa = PBXFileReference; lastKnownFileType = sourcecode.swift; path = infr.namespaces.swift; sourceTree = "<group>"; };
/* End PBXFileReference section */

/* Begin PBXFrameworksBuildPhase section */
		A1D11CA226BAF5AE00A286FF /* Frameworks */ = {
			isa = PBXFrameworksBuildPhase;
			buildActionMask = 2147483647;
			files = (
			);
			runOnlyForDeploymentPostprocessing = 0;
		};
		A1D11CB826BAF5B300A286FF /* Frameworks */ = {
			isa = PBXFrameworksBuildPhase;
			buildActionMask = 2147483647;
			files = (
			);
			runOnlyForDeploymentPostprocessing = 0;
		};
		A1D11CC326BAF5B300A286FF /* Frameworks */ = {
			isa = PBXFrameworksBuildPhase;
			buildActionMask = 2147483647;
			files = (
			);
			runOnlyForDeploymentPostprocessing = 0;
		};
/* End PBXFrameworksBuildPhase section */

/* Begin PBXGroup section */
		A1D11C9C26BAF5AE00A286FF = {
			isa = PBXGroup;
			children = (
				A1D11CA626BAF5AE00A286FF /* app._Products */,
				A1D11CB126BAF5B300A286FF /* app.assets.xcassets */,
				A1D11CA826BAF5AE00A286FF /* app.delegate.app.swift */,
				A1D11CAA26BAF5AE00A286FF /* app.delegate.scene.swift */,
				A1D11CB626BAF5B300A286FF /* app.info.plist */,
				A1D11CCC26BAF5B300A286FF /* app.info.tests.plist */,
				A1D11CC126BAF5B300A286FF /* app.info.uiTests.plist */,
				A1D11CDC26BBC7E500A286FF /* infr.namespaces.swift */,
				A1D11CB326BAF5B300A286FF /* ui.launchScreen.storyboard */,
				A1D11CAE26BAF5AE00A286FF /* ui.main.storyboard */,
				A1D11CAC26BAF5AE00A286FF /* ui.viewController.swift */,
			);
			sourceTree = "<group>";
		};
		A1D11CA626BAF5AE00A286FF /* app._Products */ = {
			isa = PBXGroup;
			children = (
				A1D11CA526BAF5AE00A286FF /* Pokedex.app */,
				A1D11CBB26BAF5B300A286FF /* PokedexTests.xctest */,
				A1D11CC626BAF5B300A286FF /* PokedexUITests.xctest */,
			);
			name = app._Products;
			sourceTree = "<group>";
		};
/* End PBXGroup section */

/* Begin PBXNativeTarget section */
		A1D11CA426BAF5AE00A286FF /* Pokedex */ = {
			isa = PBXNativeTarget;
			buildConfigurationList = A1D11CCF26BAF5B300A286FF /* Build configuration list for PBXNativeTarget "Pokedex" */;
			buildPhases = (
				A1D11CA126BAF5AE00A286FF /* Sources */,
				A1D11CA226BAF5AE00A286FF /* Frameworks */,
				A1D11CA326BAF5AE00A286FF /* Resources */,
			);
			buildRules = (
			);
			dependencies = (
			);
			name = Pokedex;
			productName = Pokedex;
			productReference = A1D11CA526BAF5AE00A286FF /* Pokedex.app */;
			productType = "com.apple.product-type.application";
		};
		A1D11CBA26BAF5B300A286FF /* PokedexTests */ = {
			isa = PBXNativeTarget;
			buildConfigurationList = A1D11CD226BAF5B300A286FF /* Build configuration list for PBXNativeTarget "PokedexTests" */;
			buildPhases = (
				A1D11CB726BAF5B300A286FF /* Sources */,
				A1D11CB826BAF5B300A286FF /* Frameworks */,
				A1D11CB926BAF5B300A286FF /* Resources */,
			);
			buildRules = (
			);
			dependencies = (
				A1D11CBD26BAF5B300A286FF /* PBXTargetDependency */,
			);
			name = PokedexTests;
			productName = PokedexTests;
			productReference = A1D11CBB26BAF5B300A286FF /* PokedexTests.xctest */;
			productType = "com.apple.product-type.bundle.unit-test";
		};
		A1D11CC526BAF5B300A286FF /* PokedexUITests */ = {
			isa = PBXNativeTarget;
			buildConfigurationList = A1D11CD526BAF5B300A286FF /* Build configuration list for PBXNativeTarget "PokedexUITests" */;
			buildPhases = (
				A1D11CC226BAF5B300A286FF /* Sources */,
				A1D11CC326BAF5B300A286FF /* Frameworks */,
				A1D11CC426BAF5B300A286FF /* Resources */,
			);
			buildRules = (
			);
			dependencies = (
				A1D11CC826BAF5B300A286FF /* PBXTargetDependency */,
			);
			name = PokedexUITests;
			productName = PokedexUITests;
			productReference = A1D11CC626BAF5B300A286FF /* PokedexUITests.xctest */;
			productType = "com.apple.product-type.bundle.ui-testing";
		};
/* End PBXNativeTarget section */

/* Begin PBXProject section */
		A1D11C9D26BAF5AE00A286FF /* Project object */ = {
			isa = PBXProject;
			attributes = {
				LastSwiftUpdateCheck = 1250;
				LastUpgradeCheck = 1250;
				TargetAttributes = {
					A1D11CA426BAF5AE00A286FF = {
						CreatedOnToolsVersion = 12.5;
					};
					A1D11CBA26BAF5B300A286FF = {
						CreatedOnToolsVersion = 12.5;
						TestTargetID = A1D11CA426BAF5AE00A286FF;
					};
					A1D11CC526BAF5B300A286FF = {
						CreatedOnToolsVersion = 12.5;
						TestTargetID = A1D11CA426BAF5AE00A286FF;
					};
				};
			};
			buildConfigurationList = A1D11CA026BAF5AE00A286FF /* Build configuration list for PBXProject "Pokedex" */;
			compatibilityVersion = "Xcode 9.3";
			developmentRegion = en;
			hasScannedForEncodings = 0;
			knownRegions = (
				en,
				Base,
			);
			mainGroup = A1D11C9C26BAF5AE00A286FF;
			productRefGroup = A1D11CA626BAF5AE00A286FF /* app._Products */;
			projectDirPath = "";
			projectRoot = "";
			targets = (
				A1D11CA426BAF5AE00A286FF /* Pokedex */,
				A1D11CBA26BAF5B300A286FF /* PokedexTests */,
				A1D11CC526BAF5B300A286FF /* PokedexUITests */,
			);
		};
/* End PBXProject section */

/* Begin PBXResourcesBuildPhase section */
		A1D11CA326BAF5AE00A286FF /* Resources */ = {
			isa = PBXResourcesBuildPhase;
			buildActionMask = 2147483647;
			files = (
				A1D11CB526BAF5B300A286FF /* ui.launchScreen.storyboard in Resources */,
				A1D11CB226BAF5B300A286FF /* app.assets.xcassets in Resources */,
				A1D11CB026BAF5AE00A286FF /* ui.main.storyboard in Resources */,
			);
			runOnlyForDeploymentPostprocessing = 0;
		};
		A1D11CB926BAF5B300A286FF /* Resources */ = {
			isa = PBXResourcesBuildPhase;
			buildActionMask = 2147483647;
			files = (
			);
			runOnlyForDeploymentPostprocessing = 0;
		};
		A1D11CC426BAF5B300A286FF /* Resources */ = {
			isa = PBXResourcesBuildPhase;
			buildActionMask = 2147483647;
			files = (
			);
			runOnlyForDeploymentPostprocessing = 0;
		};
/* End PBXResourcesBuildPhase section */

/* Begin PBXSourcesBuildPhase section */
		A1D11CA126BAF5AE00A286FF /* Sources */ = {
			isa = PBXSourcesBuildPhase;
			buildActionMask = 2147483647;
			files = (
				A1D11CAD26BAF5AE00A286FF /* ui.viewController.swift in Sources */,
				A1D11CA926BAF5AE00A286FF /* app.delegate.app.swift in Sources */,
				A1D11CAB26BAF5AE00A286FF /* app.delegate.scene.swift in Sources */,
				A1D11CDD26BBC7E500A286FF /* infr.namespaces.swift in Sources */,
			);
			runOnlyForDeploymentPostprocessing = 0;
		};
		A1D11CB726BAF5B300A286FF /* Sources */ = {
			isa = PBXSourcesBuildPhase;
			buildActionMask = 2147483647;
			files = (
			);
			runOnlyForDeploymentPostprocessing = 0;
		};
		A1D11CC226BAF5B300A286FF /* Sources */ = {
			isa = PBXSourcesBuildPhase;
			buildActionMask = 2147483647;
			files = (
			);
			runOnlyForDeploymentPostprocessing = 0;
		};
/* End PBXSourcesBuildPhase section */

/* Begin PBXTargetDependency section */
		A1D11CBD26BAF5B300A286FF /* PBXTargetDependency */ = {
			isa = PBXTargetDependency;
			target = A1D11CA426BAF5AE00A286FF /* Pokedex */;
			targetProxy = A1D11CBC26BAF5B300A286FF /* PBXContainerItemProxy */;
		};
		A1D11CC826BAF5B300A286FF /* PBXTargetDependency */ = {
			isa = PBXTargetDependency;
			target = A1D11CA426BAF5AE00A286FF /* Pokedex */;
			targetProxy = A1D11CC726BAF5B300A286FF /* PBXContainerItemProxy */;
		};
/* End PBXTargetDependency section */

/* Begin PBXVariantGroup section */
		A1D11CAE26BAF5AE00A286FF /* ui.main.storyboard */ = {
			isa = PBXVariantGroup;
			children = (
				A1D11CAF26BAF5AE00A286FF /* Base */,
			);
			name = ui.main.storyboard;
			sourceTree = "<group>";
		};
		A1D11CB326BAF5B300A286FF /* ui.launchScreen.storyboard */ = {
			isa = PBXVariantGroup;
			children = (
				A1D11CB426BAF5B300A286FF /* Base */,
			);
			name = ui.launchScreen.storyboard;
			sourceTree = "<group>";
		};
/* End PBXVariantGroup section */

/* Begin XCBuildConfiguration section */
		A1D11CCD26BAF5B300A286FF /* Debug */ = {
			isa = XCBuildConfiguration;
			buildSettings = {
				ALWAYS_SEARCH_USER_PATHS = NO;
				CLANG_ANALYZER_NONNULL = YES;
				CLANG_ANALYZER_NUMBER_OBJECT_CONVERSION = YES_AGGRESSIVE;
				CLANG_CXX_LANGUAGE_STANDARD = "gnu++14";
				CLANG_CXX_LIBRARY = "libc++";
				CLANG_ENABLE_MODULES = YES;
				CLANG_ENABLE_OBJC_ARC = YES;
				CLANG_ENABLE_OBJC_WEAK = YES;
				CLANG_WARN_BLOCK_CAPTURE_AUTORELEASING = YES;
				CLANG_WARN_BOOL_CONVERSION = YES;
				CLANG_WARN_COMMA = YES;
				CLANG_WARN_CONSTANT_CONVERSION = YES;
				CLANG_WARN_DEPRECATED_OBJC_IMPLEMENTATIONS = YES;
				CLANG_WARN_DIRECT_OBJC_ISA_USAGE = YES_ERROR;
				CLANG_WARN_DOCUMENTATION_COMMENTS = YES;
				CLANG_WARN_EMPTY_BODY = YES;
				CLANG_WARN_ENUM_CONVERSION = YES;
				CLANG_WARN_INFINITE_RECURSION = YES;
				CLANG_WARN_INT_CONVERSION = YES;
				CLANG_WARN_NON_LITERAL_NULL_CONVERSION = YES;
				CLANG_WARN_OBJC_IMPLICIT_RETAIN_SELF = YES;
				CLANG_WARN_OBJC_LITERAL_CONVERSION = YES;
				CLANG_WARN_OBJC_ROOT_CLASS = YES_ERROR;
				CLANG_WARN_QUOTED_INCLUDE_IN_FRAMEWORK_HEADER = YES;
				CLANG_WARN_RANGE_LOOP_ANALYSIS = YES;
				CLANG_WARN_STRICT_PROTOTYPES = YES;
				CLANG_WARN_SUSPICIOUS_MOVE = YES;
				CLANG_WARN_UNGUARDED_AVAILABILITY = YES_AGGRESSIVE;
				CLANG_WARN_UNREACHABLE_CODE = YES;
				CLANG_WARN__DUPLICATE_METHOD_MATCH = YES;
				COPY_PHASE_STRIP = NO;
				DEBUG_INFORMATION_FORMAT = dwarf;
				ENABLE_STRICT_OBJC_MSGSEND = YES;
				ENABLE_TESTABILITY = YES;
				GCC_C_LANGUAGE_STANDARD = gnu11;
				GCC_DYNAMIC_NO_PIC = NO;
				GCC_NO_COMMON_BLOCKS = YES;
				GCC_OPTIMIZATION_LEVEL = 0;
				GCC_PREPROCESSOR_DEFINITIONS = (
					"DEBUG=1",
					"$(inherited)",
				);
				GCC_WARN_64_TO_32_BIT_CONVERSION = YES;
				GCC_WARN_ABOUT_RETURN_TYPE = YES_ERROR;
				GCC_WARN_UNDECLARED_SELECTOR = YES;
				GCC_WARN_UNINITIALIZED_AUTOS = YES_AGGRESSIVE;
				GCC_WARN_UNUSED_FUNCTION = YES;
				GCC_WARN_UNUSED_VARIABLE = YES;
				IPHONEOS_DEPLOYMENT_TARGET = 14.5;
				MTL_ENABLE_DEBUG_INFO = INCLUDE_SOURCE;
				MTL_FAST_MATH = YES;
				ONLY_ACTIVE_ARCH = YES;
				SDKROOT = iphoneos;
				SWIFT_ACTIVE_COMPILATION_CONDITIONS = DEBUG;
				SWIFT_OPTIMIZATION_LEVEL = "-Onone";
			};
			name = Debug;
		};
		A1D11CCE26BAF5B300A286FF /* Release */ = {
			isa = XCBuildConfiguration;
			buildSettings = {
				ALWAYS_SEARCH_USER_PATHS = NO;
				CLANG_ANALYZER_NONNULL = YES;
				CLANG_ANALYZER_NUMBER_OBJECT_CONVERSION = YES_AGGRESSIVE;
				CLANG_CXX_LANGUAGE_STANDARD = "gnu++14";
				CLANG_CXX_LIBRARY = "libc++";
				CLANG_ENABLE_MODULES = YES;
				CLANG_ENABLE_OBJC_ARC = YES;
				CLANG_ENABLE_OBJC_WEAK = YES;
				CLANG_WARN_BLOCK_CAPTURE_AUTORELEASING = YES;
				CLANG_WARN_BOOL_CONVERSION = YES;
				CLANG_WARN_COMMA = YES;
				CLANG_WARN_CONSTANT_CONVERSION = YES;
				CLANG_WARN_DEPRECATED_OBJC_IMPLEMENTATIONS = YES;
				CLANG_WARN_DIRECT_OBJC_ISA_USAGE = YES_ERROR;
				CLANG_WARN_DOCUMENTATION_COMMENTS = YES;
				CLANG_WARN_EMPTY_BODY = YES;
				CLANG_WARN_ENUM_CONVERSION = YES;
				CLANG_WARN_INFINITE_RECURSION = YES;
				CLANG_WARN_INT_CONVERSION = YES;
				CLANG_WARN_NON_LITERAL_NULL_CONVERSION = YES;
				CLANG_WARN_OBJC_IMPLICIT_RETAIN_SELF = YES;
				CLANG_WARN_OBJC_LITERAL_CONVERSION = YES;
				CLANG_WARN_OBJC_ROOT_CLASS = YES_ERROR;
				CLANG_WARN_QUOTED_INCLUDE_IN_FRAMEWORK_HEADER = YES;
				CLANG_WARN_RANGE_LOOP_ANALYSIS = YES;
				CLANG_WARN_STRICT_PROTOTYPES = YES;
				CLANG_WARN_SUSPICIOUS_MOVE = YES;
				CLANG_WARN_UNGUARDED_AVAILABILITY = YES_AGGRESSIVE;
				CLANG_WARN_UNREACHABLE_CODE = YES;
				CLANG_WARN__DUPLICATE_METHOD_MATCH = YES;
				COPY_PHASE_STRIP = NO;
				DEBUG_INFORMATION_FORMAT = "dwarf-with-dsym";
				ENABLE_NS_ASSERTIONS = NO;
				ENABLE_STRICT_OBJC_MSGSEND = YES;
				GCC_C_LANGUAGE_STANDARD = gnu11;
				GCC_NO_COMMON_BLOCKS = YES;
				GCC_WARN_64_TO_32_BIT_CONVERSION = YES;
				GCC_WARN_ABOUT_RETURN_TYPE = YES_ERROR;
				GCC_WARN_UNDECLARED_SELECTOR = YES;
				GCC_WARN_UNINITIALIZED_AUTOS = YES_AGGRESSIVE;
				GCC_WARN_UNUSED_FUNCTION = YES;
				GCC_WARN_UNUSED_VARIABLE = YES;
				IPHONEOS_DEPLOYMENT_TARGET = 14.5;
				MTL_ENABLE_DEBUG_INFO = NO;
				MTL_FAST_MATH = YES;
				SDKROOT = iphoneos;
				SWIFT_COMPILATION_MODE = wholemodule;
				SWIFT_OPTIMIZATION_LEVEL = "-O";
				VALIDATE_PRODUCT = YES;
			};
			name = Release;
		};
		A1D11CD026BAF5B300A286FF /* Debug */ = {
			isa = XCBuildConfiguration;
			buildSettings = {
				ASSETCATALOG_COMPILER_APPICON_NAME = AppIcon;
				ASSETCATALOG_COMPILER_GLOBAL_ACCENT_COLOR_NAME = AccentColor;
				CODE_SIGN_STYLE = Automatic;
				INFOPLIST_FILE = app.info.plist;
				LD_RUNPATH_SEARCH_PATHS = (
					"$(inherited)",
					"@executable_path/Frameworks",
				);
				PRODUCT_BUNDLE_IDENTIFIER = "sitthiya-l.Pokedex";
				PRODUCT_NAME = "$(TARGET_NAME)";
				SWIFT_VERSION = 5.0;
				TARGETED_DEVICE_FAMILY = "1,2";
			};
			name = Debug;
		};
		A1D11CD126BAF5B300A286FF /* Release */ = {
			isa = XCBuildConfiguration;
			buildSettings = {
				ASSETCATALOG_COMPILER_APPICON_NAME = AppIcon;
				ASSETCATALOG_COMPILER_GLOBAL_ACCENT_COLOR_NAME = AccentColor;
				CODE_SIGN_STYLE = Automatic;
				INFOPLIST_FILE = app.info.plist;
				LD_RUNPATH_SEARCH_PATHS = (
					"$(inherited)",
					"@executable_path/Frameworks",
				);
				PRODUCT_BUNDLE_IDENTIFIER = "sitthiya-l.Pokedex";
				PRODUCT_NAME = "$(TARGET_NAME)";
				SWIFT_VERSION = 5.0;
				TARGETED_DEVICE_FAMILY = "1,2";
			};
			name = Release;
		};
		A1D11CD326BAF5B300A286FF /* Debug */ = {
			isa = XCBuildConfiguration;
			buildSettings = {
				ALWAYS_EMBED_SWIFT_STANDARD_LIBRARIES = YES;
				BUNDLE_LOADER = "$(TEST_HOST)";
				CODE_SIGN_STYLE = Automatic;
				INFOPLIST_FILE = app.info.tests.plist;
				IPHONEOS_DEPLOYMENT_TARGET = 14.5;
				LD_RUNPATH_SEARCH_PATHS = (
					"$(inherited)",
					"@executable_path/Frameworks",
					"@loader_path/Frameworks",
				);
				PRODUCT_BUNDLE_IDENTIFIER = "sitthiya-l.PokedexTests";
				PRODUCT_NAME = "$(TARGET_NAME)";
				SWIFT_VERSION = 5.0;
				TARGETED_DEVICE_FAMILY = "1,2";
				TEST_HOST = "$(BUILT_PRODUCTS_DIR)/Pokedex.app/Pokedex";
			};
			name = Debug;
		};
		A1D11CD426BAF5B300A286FF /* Release */ = {
			isa = XCBuildConfiguration;
			buildSettings = {
				ALWAYS_EMBED_SWIFT_STANDARD_LIBRARIES = YES;
				BUNDLE_LOADER = "$(TEST_HOST)";
				CODE_SIGN_STYLE = Automatic;
				INFOPLIST_FILE = app.info.tests.plist;
				IPHONEOS_DEPLOYMENT_TARGET = 14.5;
				LD_RUNPATH_SEARCH_PATHS = (
					"$(inherited)",
					"@executable_path/Frameworks",
					"@loader_path/Frameworks",
				);
				PRODUCT_BUNDLE_IDENTIFIER = "sitthiya-l.PokedexTests";
				PRODUCT_NAME = "$(TARGET_NAME)";
				SWIFT_VERSION = 5.0;
				TARGETED_DEVICE_FAMILY = "1,2";
				TEST_HOST = "$(BUILT_PRODUCTS_DIR)/Pokedex.app/Pokedex";
			};
			name = Release;
		};
		A1D11CD626BAF5B300A286FF /* Debug */ = {
			isa = XCBuildConfiguration;
			buildSettings = {
				ALWAYS_EMBED_SWIFT_STANDARD_LIBRARIES = YES;
				CODE_SIGN_STYLE = Automatic;
				INFOPLIST_FILE = app.info.uiTests.plist;
				LD_RUNPATH_SEARCH_PATHS = (
					"$(inherited)",
					"@executable_path/Frameworks",
					"@loader_path/Frameworks",
				);
				PRODUCT_BUNDLE_IDENTIFIER = "sitthiya-l.PokedexUITests";
				PRODUCT_NAME = "$(TARGET_NAME)";
				SWIFT_VERSION = 5.0;
				TARGETED_DEVICE_FAMILY = "1,2";
				TEST_TARGET_NAME = Pokedex;
			};
			name = Debug;
		};
		A1D11CD726BAF5B300A286FF /* Release */ = {
			isa = XCBuildConfiguration;
			buildSettings = {
				ALWAYS_EMBED_SWIFT_STANDARD_LIBRARIES = YES;
				CODE_SIGN_STYLE = Automatic;
				INFOPLIST_FILE = app.info.uiTests.plist;
				LD_RUNPATH_SEARCH_PATHS = (
					"$(inherited)",
					"@executable_path/Frameworks",
					"@loader_path/Frameworks",
				);
				PRODUCT_BUNDLE_IDENTIFIER = "sitthiya-l.PokedexUITests";
				PRODUCT_NAME = "$(TARGET_NAME)";
				SWIFT_VERSION = 5.0;
				TARGETED_DEVICE_FAMILY = "1,2";
				TEST_TARGET_NAME = Pokedex;
			};
			name = Release;
		};
/* End XCBuildConfiguration section */

/* Begin XCConfigurationList section */
		A1D11CA026BAF5AE00A286FF /* Build configuration list for PBXProject "Pokedex" */ = {
			isa = XCConfigurationList;
			buildConfigurations = (
				A1D11CCD26BAF5B300A286FF /* Debug */,
				A1D11CCE26BAF5B300A286FF /* Release */,
			);
			defaultConfigurationIsVisible = 0;
			defaultConfigurationName = Release;
		};
		A1D11CCF26BAF5B300A286FF /* Build configuration list for PBXNativeTarget "Pokedex" */ = {
			isa = XCConfigurationList;
			buildConfigurations = (
				A1D11CD026BAF5B300A286FF /* Debug */,
				A1D11CD126BAF5B300A286FF /* Release */,
			);
			defaultConfigurationIsVisible = 0;
			defaultConfigurationName = Release;
		};
		A1D11CD226BAF5B300A286FF /* Build configuration list for PBXNativeTarget "PokedexTests" */ = {
			isa = XCConfigurationList;
			buildConfigurations = (
				A1D11CD326BAF5B300A286FF /* Debug */,
				A1D11CD426BAF5B300A286FF /* Release */,
			);
			defaultConfigurationIsVisible = 0;
			defaultConfigurationName = Release;
		};
		A1D11CD526BAF5B300A286FF /* Build configuration list for PBXNativeTarget "PokedexUITests" */ = {
			isa = XCConfigurationList;
			buildConfigurations = (
				A1D11CD626BAF5B300A286FF /* Debug */,
				A1D11CD726BAF5B300A286FF /* Release */,
			);
			defaultConfigurationIsVisible = 0;
			defaultConfigurationName = Release;
		};
/* End XCConfigurationList section */
	};
	rootObject = A1D11C9D26BAF5AE00A286FF /* Project object */;
}
